
Microsoft Visual Studio Solution File, Format Version 12.00
# Visual Studio Version 17
VisualStudioVersion = 17.4.33213.308
MinimumVisualStudioVersion = 10.0.40219.1
Project("{FAE04EC0-301F-11D3-BF4B-00C04F79EFBC}") = "Video Editor", "Video Editor\Video Editor.csproj", "{32875A1A-F0F3-4169-9992-34A6860BE0A9}"
EndProject
Global
	GlobalSection(SolutionConfigurationPlatforms) = preSolution
		Debug|Any CPU = Debug|Any CPU
		Release|Any CPU = Release|Any CPU
	EndGlobalSection
	GlobalSection(ProjectConfigurationPlatforms) = postSolution
		{32875A1A-F0F3-4169-9992-34A6860BE0A9}.Debug|Any CPU.ActiveCfg = Debug|Any CPU
		{32875A1A-F0F3-4169-9992-34A6860BE0A9}.Debug|Any CPU.Build.0 = Debug|Any CPU
		{32875A1A-F0F3-4169-9992-34A6860BE0A9}.Release|Any CPU.ActiveCfg = Release|Any CPU
		{32875A1A-F0F3-4169-9992-34A6860BE0A9}.Release|Any CPU.Build.0 = Release|Any CPU
	EndGlobalSection
	GlobalSection(SolutionProperties) = preSolution
		HideSolutionNode = FALSE
	EndGlobalSection
	GlobalSection(ExtensibilityGlobals) = postSolution
		SolutionGuid = {CF65B23C-8D7D-455A-9159-707223E312EE}
	EndGlobalSection
EndGlobal
